
Microsoft Visual Studio Solution File, Format Version 12.00
# Visual Studio Version 16
VisualStudioVersion = 16.0.29201.188
MinimumVisualStudioVersion = 10.0.40219.1
Project("{8BC9CEB8-8B4A-11D0-8D11-00A0C91BC942}") = "1Practica", "1Practica\1Practica.vcxproj", "{77531CB0-B119-468A-A89E-A832980CAA6F}"
EndProject
Global
	GlobalSection(SolutionConfigurationPlatforms) = preSolution
		Debug|x64 = Debug|x64
		Debug|x86 = Debug|x86
		Release|x64 = Release|x64
		Release|x86 = Release|x86
	EndGlobalSection
	GlobalSection(ProjectConfigurationPlatforms) = postSolution
		{77531CB0-B119-468A-A89E-A832980CAA6F}.Debug|x64.ActiveCfg = Debug|x64
		{77531CB0-B119-468A-A89E-A832980CAA6F}.Debug|x64.Build.0 = Debug|x64
		{77531CB0-B119-468A-A89E-A832980CAA6F}.Debug|x86.ActiveCfg = Debug|Win32
		{77531CB0-B119-468A-A89E-A832980CAA6F}.Debug|x86.Build.0 = Debug|Win32
		{77531CB0-B119-468A-A89E-A832980CAA6F}.Release|x64.ActiveCfg = Release|x64
		{77531CB0-B119-468A-A89E-A832980CAA6F}.Release|x64.Build.0 = Release|x64
		{77531CB0-B119-468A-A89E-A832980CAA6F}.Release|x86.ActiveCfg = Release|Win32
		{77531CB0-B119-468A-A89E-A832980CAA6F}.Release|x86.Build.0 = Release|Win32
	EndGlobalSection
	GlobalSection(SolutionProperties) = preSolution
		HideSolutionNode = FALSE
	EndGlobalSection
	GlobalSection(ExtensibilityGlobals) = postSolution
		SolutionGuid = {633B5E0C-9F4A-48E9-88F3-0E2927B7523F}
	EndGlobalSection
EndGlobal
